# This file is automatically @generated by Poetry 1.6.1 and should not be changed by hand.

[[package]]
name = "roman"
version = "4.1"
description = "Integer to Roman numerals converter"
optional = false
python-versions = ">=3.7"
files = [
    {file = "roman-4.1-py3-none-any.whl", hash = "sha256:f131fd5eee3510f6173b825404eb97875a6c1925f73a2d7d48cfc67823a67c3c"},
    {file = "roman-4.1.tar.gz", hash = "sha256:4da8a200529a730822a27f1704b3ac70bc907141d3bc558115fb8e36af13b412"},
]

[metadata]
lock-version = "2.0"
python-versions = "^3.11"
content-hash = "d6460a0eb9a7da057fae4a36bedd33e51fbb9d1f67890dabb841d007fb6d40e7"
